schema: '2.0'
stages:
  data_cleaning:
    cmd: python src/data_cleaning/data_cleaning.py
    deps:
    - path: data/raw/swiggy.csv
      hash: md5
      md5: 0b050b37dfe6cfbfaa18d7cb4e454377
      size: 7772212
    - path: src/data_cleaning/data_cleaning.py
      hash: md5
      md5: c3a9ee7c0c20ff6d64c33711b90eb1d7
      size: 9060
    outs:
    - path: data/cleaned/swiggy_cleaned.csv
      hash: md5
      md5: 0652742b387f10ce90e17cfb24e7d45b
      size: 4711214
  data_processing:
    cmd: python src/data_processing/data_processing.py
    deps:
    - path: data/cleaned/swiggy_cleaned.csv
      hash: md5
      md5: 0652742b387f10ce90e17cfb24e7d45b
      size: 4711214
    - path: src/data_processing/data_processing.py
      hash: md5
      md5: adae2fe365834bebc40ac6dd5a3cb4e4
      size: 5272
    outs:
    - path: data/interim/test_data.csv
      hash: md5
      md5: 229f2b80561d8596e5e1f37b8051ec83
      size: 1176298
    - path: data/interim/train_data.csv
      hash: md5
      md5: 806222a491cb877a0cab21a57f9dba52
      size: 3527704
  feature_engineering:
    cmd: python src/feature_engineering/feature_engineering.py
    deps:
    - path: data/interim/test_data.csv
      hash: md5
      md5: 229f2b80561d8596e5e1f37b8051ec83
      size: 1176298
    - path: data/interim/train_data.csv
      hash: md5
      md5: 806222a491cb877a0cab21a57f9dba52
      size: 3527704
    - path: src/feature_engineering/feature_engineering.py
      hash: md5
      md5: 197ff961ebfa85690fce1ff47b4031ee
      size: 5460
    outs:
    - path: data/processed/x_train_trans.csv
      hash: md5
      md5: a521f798ca83747519a47b30fec8cfff
      size: 11183284
    - path: data/processed/y_train.csv
      hash: md5
      md5: f9ddc595dc7164e9fa349c9c1c67501e
      size: 457035
  model_building:
    cmd: python src/model_building/model_training.py
    deps:
    - path: data/processed/x_train_trans.csv
      hash: md5
      md5: a521f798ca83747519a47b30fec8cfff
      size: 11183284
    - path: data/processed/y_train.csv
      hash: md5
      md5: f9ddc595dc7164e9fa349c9c1c67501e
      size: 457035
    - path: src/model_building/model_training.py
      hash: md5
      md5: b9c08c276cdab1e3d7c981ad32146f9a
      size: 3917
    outs:
    - path: model.pkl
      hash: md5
      md5: 7daf92fea45b81cbe3686bc99030228e
      size: 36976851
  model_evaluation:
    cmd: python src/model_evaluation/model_evaluation.py
    deps:
    - path: data/raw/swiggy.csv
      hash: md5
      md5: 0b050b37dfe6cfbfaa18d7cb4e454377
      size: 7772212
    - path: model.pkl
      hash: md5
      md5: 7daf92fea45b81cbe3686bc99030228e
      size: 36976851
    - path: src/model_evaluation/model_evaluation.py
      hash: md5
      md5: fa1200715113fdd78e57cd11943d7c9e
      size: 5446
    outs:
    - path: model_info.json
      hash: md5
      md5: dfb3b314beb7d54cbaa47294b5f1077f
      size: 214
  register_model:
    cmd: python src/register_model/register_model.py
