schema: '2.0'
stages:
  data_cleaning:
    cmd: python src/data_cleaning/data_cleaning.py
    deps:
    - path: data/raw/swiggy.csv
      hash: md5
      md5: 0b050b37dfe6cfbfaa18d7cb4e454377
      size: 7772212
    - path: src/data_cleaning/data_cleaning.py
      hash: md5
      md5: 4fc2c8712b82974e5d40578ab42ffdd4
      size: 9314
    outs:
    - path: data/cleaned/swiggy_cleaned.csv
      hash: md5
      md5: 580948509382a490b249abb37c8cb9e9
      size: 4756691
  data_processing:
    cmd: python src/data_processing/data_processing.py
    deps:
    - path: data/cleaned/swiggy_cleaned.csv
      hash: md5
      md5: 580948509382a490b249abb37c8cb9e9
      size: 4756691
    - path: src/data_processing/data_processing.py
      hash: md5
      md5: c15f375a3ec78b87dfc52478718fcfd7
      size: 5420
    outs:
    - path: data/interim/test_data.csv
      hash: md5
      md5: 421b9445a617690c7add2f7c5fea571f
      size: 1187668
    - path: data/interim/train_data.csv
      hash: md5
      md5: a2cecba42b4f3ef564b50b2ee625b811
      size: 3561813
  feature_engineering:
    cmd: python src/feature_engineering/feature_engineering.py
    deps:
    - path: data/interim/test_data.csv
      hash: md5
      md5: 421b9445a617690c7add2f7c5fea571f
      size: 1187668
    - path: data/interim/train_data.csv
      hash: md5
      md5: a2cecba42b4f3ef564b50b2ee625b811
      size: 3561813
    - path: src/feature_engineering/feature_engineering.py
      hash: md5
      md5: 21a35f661326a56bb8c37f20d70f78b0
      size: 5615
    outs:
    - path: data/processed/x_train_trans.csv
      hash: md5
      md5: c88ec07630dfde2cc3b3b8634258dfee
      size: 11183284
    - path: data/processed/y_train.csv
      hash: md5
      md5: f9ddc595dc7164e9fa349c9c1c67501e
      size: 457035
  model_building:
    cmd: python src/model_building/model_training.py
    deps:
    - path: data/processed/x_train_trans.csv
      hash: md5
      md5: c88ec07630dfde2cc3b3b8634258dfee
      size: 11183284
    - path: data/processed/y_train.csv
      hash: md5
      md5: f9ddc595dc7164e9fa349c9c1c67501e
      size: 457035
    - path: src/model_building/model_training.py
      hash: md5
      md5: ee091c4eca6ebb1a0cf26e51024221ef
      size: 4052
    outs:
    - path: model.pkl
      hash: md5
      md5: 9fba28c7abde00f3433703279bc19e20
      size: 36962664
  model_evaluation:
    cmd: python src/model_evaluation/model_evaluation.py
    deps:
    - path: data/raw/swiggy.csv
      hash: md5
      md5: 0b050b37dfe6cfbfaa18d7cb4e454377
      size: 7772212
    - path: model.pkl
      hash: md5
      md5: 9fba28c7abde00f3433703279bc19e20
      size: 36962664
    - path: src/model_evaluation/model_evaluation.py
      hash: md5
      md5: a85c467ac021df9eb0f68e78c5009c31
      size: 5603
  register_model:
    cmd: python src/register_model/register_model.py
